# THIS IS AN AUTOGENERATED FILE. DO NOT EDIT THIS FILE DIRECTLY.
# yarn lockfile v1


react-media-hook@^0.5.0:
  version "0.5.0"
  resolved "https://registry.yarnpkg.com/react-media-hook/-/react-media-hook-0.5.0.tgz#f830231f31ea80049f8cbaf8058da90ab71e7150"
  integrity sha512-OupDgOSCjUUWPiXq3HMoRwpsQry4cGf4vKzh2E984Xtm4I01ZFbq8JwCG/RPqXB9h0qxgzoYLbABC+LIZH8deQ==
